// !$*UTF8*$!
{ archiveVersion = 1; classes = {}; objectVersion = 56; objects = {
C37974B9A45D34BA0BFD0185 = { isa = XCLocalSwiftPackageReference; relativePath = "../Packages/FlickDomain"; };
98CB05CC551BB92621053F9F = { isa = XCSwiftPackageProductDependency; package = C37974B9A45D34BA0BFD0185; productName = FlickDomain; };
BCCE1DC94C8CF67F85EBB318 = { isa = PBXBuildFile; productRef = 98CB05CC551BB92621053F9F; };
B0403A868BE28D5BC5A4ACA9 = { isa = XCLocalSwiftPackageReference; relativePath = "../Packages/CECapture"; };
9A17F3EE0C3E45D93DD481C8 = { isa = XCSwiftPackageProductDependency; package = B0403A868BE28D5BC5A4ACA9; productName = CECapture; };
7CD69B0C30FA6447F1D69D25 = { isa = PBXBuildFile; productRef = 9A17F3EE0C3E45D93DD481C8; };
49C23A07A2CDFE3E6309B382 = { isa = XCLocalSwiftPackageReference; relativePath = "../Packages/CEIngestion"; };
1399F40A84AFC86D501A2A35 = { isa = XCSwiftPackageProductDependency; package = 49C23A07A2CDFE3E6309B382; productName = CEIngestion; };
8699C8ED2113C625FB85CF5C = { isa = PBXBuildFile; productRef = 1399F40A84AFC86D501A2A35; };
F0CF5B582D24887C9B67D2AB = { isa = XCLocalSwiftPackageReference; relativePath = "../Packages/CESemantic"; };
74E6941715F2E10DE8883B56 = { isa = XCSwiftPackageProductDependency; package = F0CF5B582D24887C9B67D2AB; productName = CESemantic; };
B0B03AF7C3406AB8B940E3F7 = { isa = PBXBuildFile; productRef = 74E6941715F2E10DE8883B56; };
1ECBB49351273706E2C54F1C = { isa = XCLocalSwiftPackageReference; relativePath = "../Packages/CEStorage"; };
FF33591746FE3BEA92DB1F92 = { isa = XCSwiftPackageProductDependency; package = 1ECBB49351273706E2C54F1C; productName = CEStorage; };
770B9857BC4A193924CCAFAE = { isa = PBXBuildFile; productRef = FF33591746FE3BEA92DB1F92; };
1195A2044497A6BB2C2F5CD8 = { isa = XCLocalSwiftPackageReference; relativePath = "../Packages/CEOutput"; };
0226071921AFE37F459BAF73 = { isa = XCSwiftPackageProductDependency; package = 1195A2044497A6BB2C2F5CD8; productName = CEOutput; };
945070B66E04B8C3BB421008 = { isa = PBXBuildFile; productRef = 0226071921AFE37F459BAF73; };
DC1E2E432FFB3F34DA240F5A = { isa = XCLocalSwiftPackageReference; relativePath = "../Packages/CEPipelines"; };
44BC045E7FDB17511AC9B7FE = { isa = XCSwiftPackageProductDependency; package = DC1E2E432FFB3F34DA240F5A; productName = CEPipelines; };
1BAFB4F61AF92C4F52C4F930 = { isa = PBXBuildFile; productRef = 44BC045E7FDB17511AC9B7FE; };
BBF85B16977D705398CD9437 = { isa = XCLocalSwiftPackageReference; relativePath = "../Packages/CEUI"; };
BB8090788AA9F4F5D1788575 = { isa = XCSwiftPackageProductDependency; package = BBF85B16977D705398CD9437; productName = CEUI; };
C460F97229CEB397ED5A32F1 = { isa = PBXBuildFile; productRef = BB8090788AA9F4F5D1788575; };
61DE1B08FE2FC56EE9044434 = { isa = PBXFileReference; lastKnownFileType = sourcecode.swift; path = FlickApp.swift; sourceTree = "<group>"; };
8DD57434A2E82B6A489E47E4 = { isa = PBXFileReference; lastKnownFileType = text.plist.entitlements; path = Flick.entitlements; sourceTree = "<group>"; };
D37B9395C2BAF168F977CE9F = { isa = PBXFileReference; lastKnownFileType = sourcecode.swift; path = FlickUITests.swift; sourceTree = "<group>"; };
787EA53BE1C57530E4CD092F = { isa = PBXFileReference; explicitFileType = wrapper.application; path = Flick.app; sourceTree = BUILT_PRODUCTS_DIR; };
F133ED5B80CEAE7132B59408 = { isa = PBXFileReference; explicitFileType = wrapper.cfbundle; path = FlickUITests.xctest; sourceTree = BUILT_PRODUCTS_DIR; };
20D582C9C928C4566A260A84 = { isa = PBXBuildFile; fileRef = 61DE1B08FE2FC56EE9044434; };
587854A59EFBF8969CAFD37F = { isa = PBXBuildFile; fileRef = D37B9395C2BAF168F977CE9F; };
E17E80AD8E2103CF3FC3FD96 = { isa = PBXGroup; path = Flick; sourceTree = "<group>"; children = (61DE1B08FE2FC56EE9044434,8DD57434A2E82B6A489E47E4,); };
781CAA6738A604344AE86EE3 = { isa = PBXGroup; path = FlickUITests; sourceTree = "<group>"; children = (D37B9395C2BAF168F977CE9F,); };
1BB21EFB7C988A9DE171E099 = { isa = PBXGroup; name = Products; sourceTree = "<group>"; children = (787EA53BE1C57530E4CD092F,F133ED5B80CEAE7132B59408,); };
0D6E4079E36703EBD37C0072 = { isa = PBXGroup; sourceTree = "<group>"; children = (E17E80AD8E2103CF3FC3FD96,781CAA6738A604344AE86EE3,1BB21EFB7C988A9DE171E099,); };
D8AFF257B45D0C513672EC45 = { isa = PBXSourcesBuildPhase; buildActionMask = 2147483647; files = (20D582C9C928C4566A260A84,); runOnlyForDeploymentPostprocessing = 0; };
B2298129A58493C45A5D7D9A = { isa = PBXSourcesBuildPhase; buildActionMask = 2147483647; files = (587854A59EFBF8969CAFD37F,); runOnlyForDeploymentPostprocessing = 0; };
91024282FFD499F5807DB5BC = { isa = PBXFrameworksBuildPhase; buildActionMask = 2147483647; files = (BCCE1DC94C8CF67F85EBB318,7CD69B0C30FA6447F1D69D25,8699C8ED2113C625FB85CF5C,B0B03AF7C3406AB8B940E3F7,770B9857BC4A193924CCAFAE,945070B66E04B8C3BB421008,1BAFB4F61AF92C4F52C4F930,C460F97229CEB397ED5A32F1,); runOnlyForDeploymentPostprocessing = 0; };
41D311A605520FC7B8B9A980 = { isa = PBXResourcesBuildPhase; buildActionMask = 2147483647; files = (); runOnlyForDeploymentPostprocessing = 0; };
73EBF6644258C120893E685D = { isa = XCBuildConfiguration; name = Debug; buildSettings = {SDKROOT = "iphoneos";IPHONEOS_DEPLOYMENT_TARGET = "26.0";SWIFT_VERSION = "6.0";SWIFT_STRICT_CONCURRENCY = "complete";CLANG_ENABLE_MODULES = "YES";CODE_SIGN_STYLE = "Automatic";TARGETED_DEVICE_FAMILY = "1";GENERATE_INFOPLIST_FILE = "YES";CURRENT_PROJECT_VERSION = "1";MARKETING_VERSION = "0.1.0";ONLY_ACTIVE_ARCH = YES;SWIFT_ACTIVE_COMPILATION_CONDITIONS = "DEBUG";SWIFT_OPTIMIZATION_LEVEL = "-Onone";GCC_PREPROCESSOR_DEFINITIONS = "DEBUG=1";}; };
0B0C687DF8B6B8DC790B519C = { isa = XCBuildConfiguration; name = Release; buildSettings = {SDKROOT = "iphoneos";IPHONEOS_DEPLOYMENT_TARGET = "26.0";SWIFT_VERSION = "6.0";SWIFT_STRICT_CONCURRENCY = "complete";CLANG_ENABLE_MODULES = "YES";CODE_SIGN_STYLE = "Automatic";TARGETED_DEVICE_FAMILY = "1";GENERATE_INFOPLIST_FILE = "YES";CURRENT_PROJECT_VERSION = "1";MARKETING_VERSION = "0.1.0";SWIFT_OPTIMIZATION_LEVEL = "-O";}; };
76F8DEC3DFE0BDB465198890 = { isa = XCConfigurationList; buildConfigurations = (73EBF6644258C120893E685D,0B0C687DF8B6B8DC790B519C,); defaultConfigurationIsVisible = 0; defaultConfigurationName = Release; };
B00CCDD09424E369308D67FA = { isa = XCBuildConfiguration; name = Debug; buildSettings = {SDKROOT = "iphoneos";IPHONEOS_DEPLOYMENT_TARGET = "26.0";SWIFT_VERSION = "6.0";SWIFT_STRICT_CONCURRENCY = "complete";CLANG_ENABLE_MODULES = "YES";CODE_SIGN_STYLE = "Automatic";TARGETED_DEVICE_FAMILY = "1";GENERATE_INFOPLIST_FILE = "YES";CURRENT_PROJECT_VERSION = "1";MARKETING_VERSION = "0.1.0";ONLY_ACTIVE_ARCH = YES;SWIFT_ACTIVE_COMPILATION_CONDITIONS = "DEBUG";SWIFT_OPTIMIZATION_LEVEL = "-Onone";GCC_PREPROCESSOR_DEFINITIONS = "DEBUG=1";PRODUCT_BUNDLE_IDENTIFIER = "com.progentic.flick";PRODUCT_NAME = "Flick";CODE_SIGN_ENTITLEMENTS = "Flick/Flick.entitlements";INFOPLIST_KEY_UIUserInterfaceStyle = "Automatic";INFOPLIST_KEY_UILaunchScreen_Generation = "YES";INFOPLIST_KEY_UIApplicationSceneManifest_Generation = "YES";INFOPLIST_KEY_UISupportedInterfaceOrientations = "UIInterfaceOrientationPortrait UIInterfaceOrientationLandscapeLeft UIInterfaceOrientationLandscapeRight";}; };
1B104479E55E37CF8A63CBDF = { isa = XCBuildConfiguration; name = Release; buildSettings = {SDKROOT = "iphoneos";IPHONEOS_DEPLOYMENT_TARGET = "26.0";SWIFT_VERSION = "6.0";SWIFT_STRICT_CONCURRENCY = "complete";CLANG_ENABLE_MODULES = "YES";CODE_SIGN_STYLE = "Automatic";TARGETED_DEVICE_FAMILY = "1";GENERATE_INFOPLIST_FILE = "YES";CURRENT_PROJECT_VERSION = "1";MARKETING_VERSION = "0.1.0";SWIFT_OPTIMIZATION_LEVEL = "-O";PRODUCT_BUNDLE_IDENTIFIER = "com.progentic.flick";PRODUCT_NAME = "Flick";CODE_SIGN_ENTITLEMENTS = "Flick/Flick.entitlements";INFOPLIST_KEY_UIUserInterfaceStyle = "Automatic";INFOPLIST_KEY_UILaunchScreen_Generation = "YES";INFOPLIST_KEY_UIApplicationSceneManifest_Generation = "YES";INFOPLIST_KEY_UISupportedInterfaceOrientations = "UIInterfaceOrientationPortrait UIInterfaceOrientationLandscapeLeft UIInterfaceOrientationLandscapeRight";}; };
06CB67C35A91E16DBD17B949 = { isa = XCConfigurationList; buildConfigurations = (B00CCDD09424E369308D67FA,1B104479E55E37CF8A63CBDF,); defaultConfigurationIsVisible = 0; defaultConfigurationName = Release; };
DD3F495F7D6A5AA1C1769021 = { isa = XCBuildConfiguration; name = Debug; buildSettings = {SDKROOT = "iphoneos";IPHONEOS_DEPLOYMENT_TARGET = "26.0";SWIFT_VERSION = "6.0";SWIFT_STRICT_CONCURRENCY = "complete";CLANG_ENABLE_MODULES = "YES";CODE_SIGN_STYLE = "Automatic";TARGETED_DEVICE_FAMILY = "1";GENERATE_INFOPLIST_FILE = "YES";CURRENT_PROJECT_VERSION = "1";MARKETING_VERSION = "0.1.0";ONLY_ACTIVE_ARCH = YES;SWIFT_ACTIVE_COMPILATION_CONDITIONS = "DEBUG";SWIFT_OPTIMIZATION_LEVEL = "-Onone";GCC_PREPROCESSOR_DEFINITIONS = "DEBUG=1";PRODUCT_BUNDLE_IDENTIFIER = "com.progentic.flick.uitests";PRODUCT_NAME = "FlickUITests";TEST_TARGET_NAME = "Flick";}; };
E670BC2FFE794172EBC92AE3 = { isa = XCBuildConfiguration; name = Release; buildSettings = {SDKROOT = "iphoneos";IPHONEOS_DEPLOYMENT_TARGET = "26.0";SWIFT_VERSION = "6.0";SWIFT_STRICT_CONCURRENCY = "complete";CLANG_ENABLE_MODULES = "YES";CODE_SIGN_STYLE = "Automatic";TARGETED_DEVICE_FAMILY = "1";GENERATE_INFOPLIST_FILE = "YES";CURRENT_PROJECT_VERSION = "1";MARKETING_VERSION = "0.1.0";SWIFT_OPTIMIZATION_LEVEL = "-O";PRODUCT_BUNDLE_IDENTIFIER = "com.progentic.flick.uitests";PRODUCT_NAME = "FlickUITests";TEST_TARGET_NAME = "Flick";}; };
5FA394EFD07597E96CACD8E1 = { isa = XCConfigurationList; buildConfigurations = (DD3F495F7D6A5AA1C1769021,E670BC2FFE794172EBC92AE3,); defaultConfigurationIsVisible = 0; defaultConfigurationName = Release; };
1241936D4DD3AAD68FE7BFBD = { isa = PBXContainerItemProxy; containerPortal = 244210E48437B6556980A702; proxyType = 1; remoteGlobalIDString = A172CEDCAE47474B615C54D5; remoteInfo = Flick; };
8CE3E71EF8635D2BF27913BB = { isa = PBXTargetDependency; target = A172CEDCAE47474B615C54D5; targetProxy = 1241936D4DD3AAD68FE7BFBD; };
A172CEDCAE47474B615C54D5 = { isa = PBXNativeTarget; name = Flick; productName = Flick; productReference = 787EA53BE1C57530E4CD092F; productType = "com.apple.product-type.application"; buildConfigurationList = 06CB67C35A91E16DBD17B949; buildPhases = (D8AFF257B45D0C513672EC45,91024282FFD499F5807DB5BC,41D311A605520FC7B8B9A980,); buildRules = (); dependencies = (); packageProductDependencies = (98CB05CC551BB92621053F9F,9A17F3EE0C3E45D93DD481C8,1399F40A84AFC86D501A2A35,74E6941715F2E10DE8883B56,FF33591746FE3BEA92DB1F92,0226071921AFE37F459BAF73,44BC045E7FDB17511AC9B7FE,BB8090788AA9F4F5D1788575,); };
9F86D081884C7D659A2FEAA0 = { isa = PBXNativeTarget; name = FlickUITests; productName = FlickUITests; productReference = F133ED5B80CEAE7132B59408; productType = "com.apple.product-type.bundle.ui-testing"; buildConfigurationList = 5FA394EFD07597E96CACD8E1; buildPhases = (B2298129A58493C45A5D7D9A,); buildRules = (); dependencies = (8CE3E71EF8635D2BF27913BB,); };
244210E48437B6556980A702 = { isa = PBXProject; attributes = { LastUpgradeCheck = 2700; }; buildConfigurationList = 76F8DEC3DFE0BDB465198890; compatibilityVersion = "Xcode 14.0"; developmentRegion = en; knownRegions = (en,Base,); mainGroup = 0D6E4079E36703EBD37C0072; productRefGroup = 1BB21EFB7C988A9DE171E099; projectDirPath = ""; projectRoot = ""; targets = (A172CEDCAE47474B615C54D5,9F86D081884C7D659A2FEAA0,); packageReferences = (C37974B9A45D34BA0BFD0185,B0403A868BE28D5BC5A4ACA9,49C23A07A2CDFE3E6309B382,F0CF5B582D24887C9B67D2AB,1ECBB49351273706E2C54F1C,1195A2044497A6BB2C2F5CD8,DC1E2E432FFB3F34DA240F5A,BBF85B16977D705398CD9437,); };
}; rootObject = 244210E48437B6556980A702; }
